<?xml version="1.0" encoding="UTF-8"?>
<CodeBlocks_project_file>
	<FileVersion major="1" minor="6"/>
	<Project>
		<Option title="humanAgent"/>
		<Option makefile_is_custom="1"/>
		<Option compiler="gcc"/>
		<Option virtualFolders="CMake Files\;CMake Files\src\;CMake Files\..\;CMake Files\..\..\;CMake Files\..\..\..\;CMake Files\..\..\..\..\;CMake Files\..\..\..\..\..\;CMake Files\..\..\..\..\..\..\;CMake Files\..\..\..\..\..\..\..\;CMake Files\..\..\..\..\..\..\..\opt\;CMake Files\..\..\..\..\..\..\..\opt\robocomp\;CMake Files\..\..\..\..\..\..\..\opt\robocomp\cmake\;CMake Files\..\..\..\..\..\..\..\opt\robocomp\cmake\modules\;"/>
		<Build>
			<Target title="all">
				<Option working_dir="/home/robolab/robocomp/components/robocomp-araceli/components/humanAgent/src"/>
				<Option type="4"/>
				<MakeCommands>
					<Build command="/usr/bin/make -f &quot;/home/robolab/robocomp/components/robocomp-araceli/components/humanAgent/src/Makefile&quot;  VERBOSE=1 all"/>
					<CompileFile command="/usr/bin/make -f &quot;/home/robolab/robocomp/components/robocomp-araceli/components/humanAgent/src/Makefile&quot;  VERBOSE=1 &quot;$file&quot;"/>
					<Clean command="/usr/bin/make -f &quot;/home/robolab/robocomp/components/robocomp-araceli/components/humanAgent/src/Makefile&quot;  VERBOSE=1 clean"/>
					<DistClean command="/usr/bin/make -f &quot;/home/robolab/robocomp/components/robocomp-araceli/components/humanAgent/src/Makefile&quot;  VERBOSE=1 clean"/>
				</MakeCommands>
			</Target>
			<Target title="humanAgent">
				<Option output="/home/robolab/robocomp/components/robocomp-araceli/components/humanAgent/bin/humanAgent" prefix_auto="0" extension_auto="0"/>
				<Option working_dir="/home/robolab/robocomp/components/robocomp-araceli/components/humanAgent/bin"/>
				<Option object_output="./"/>
				<Option type="1"/>
				<Option compiler="gcc"/>
				<Compiler>
					<Add option="-DQT_XML_LIB"/>
					<Add option="-DQT_DLL"/>
					<Add option="-DQT_GUI_LIB"/>
					<Add option="-DQT_CORE_LIB"/>
					<Add option="-DQT_OPENGL_LIB"/>
					<Add directory="/home/robolab/robocomp/components/robocomp-araceli/components/humanAgent/src/humanAgent_autogen/include"/>
					<Add directory="/home/robolab/robocomp/components/robocomp-araceli/components/humanAgent/src"/>
					<Add directory="/home/robolab/robocomp/components/robocomp-araceli/components/humanAgent/src/."/>
					<Add directory="/opt/robocomp/include"/>
					<Add directory="/classes"/>
					<Add directory="/home/robolab/robocomp/components/robocomp-araceli/components/humanAgent"/>
					<Add directory="/opt/robocomp/classes"/>
					<Add directory="/opt/robocomp/libs"/>
					<Add directory="/opt/robocomp/interfaces"/>
					<Add directory="/include"/>
					<Add directory="/usr/include/qt4"/>
					<Add directory="/usr/include/qt4/QtOpenGL"/>
					<Add directory="/usr/include/qt4/QtGui"/>
					<Add directory="/usr/include/qt4/QtXml"/>
					<Add directory="/usr/include/qt4/QtCore"/>
				</Compiler>
				<MakeCommands>
					<Build command="/usr/bin/make -f &quot;/home/robolab/robocomp/components/robocomp-araceli/components/humanAgent/src/Makefile&quot;  VERBOSE=1 humanAgent"/>
					<CompileFile command="/usr/bin/make -f &quot;/home/robolab/robocomp/components/robocomp-araceli/components/humanAgent/src/Makefile&quot;  VERBOSE=1 &quot;$file&quot;"/>
					<Clean command="/usr/bin/make -f &quot;/home/robolab/robocomp/components/robocomp-araceli/components/humanAgent/src/Makefile&quot;  VERBOSE=1 clean"/>
					<DistClean command="/usr/bin/make -f &quot;/home/robolab/robocomp/components/robocomp-araceli/components/humanAgent/src/Makefile&quot;  VERBOSE=1 clean"/>
				</MakeCommands>
			</Target>
			<Target title="humanAgent/fast">
				<Option output="/home/robolab/robocomp/components/robocomp-araceli/components/humanAgent/bin/humanAgent" prefix_auto="0" extension_auto="0"/>
				<Option working_dir="/home/robolab/robocomp/components/robocomp-araceli/components/humanAgent/bin"/>
				<Option object_output="./"/>
				<Option type="1"/>
				<Option compiler="gcc"/>
				<Compiler>
					<Add option="-DQT_XML_LIB"/>
					<Add option="-DQT_DLL"/>
					<Add option="-DQT_GUI_LIB"/>
					<Add option="-DQT_CORE_LIB"/>
					<Add option="-DQT_OPENGL_LIB"/>
					<Add directory="/home/robolab/robocomp/components/robocomp-araceli/components/humanAgent/src/humanAgent_autogen/include"/>
					<Add directory="/home/robolab/robocomp/components/robocomp-araceli/components/humanAgent/src"/>
					<Add directory="/home/robolab/robocomp/components/robocomp-araceli/components/humanAgent/src/."/>
					<Add directory="/opt/robocomp/include"/>
					<Add directory="/classes"/>
					<Add directory="/home/robolab/robocomp/components/robocomp-araceli/components/humanAgent"/>
					<Add directory="/opt/robocomp/classes"/>
					<Add directory="/opt/robocomp/libs"/>
					<Add directory="/opt/robocomp/interfaces"/>
					<Add directory="/include"/>
					<Add directory="/usr/include/qt4"/>
					<Add directory="/usr/include/qt4/QtOpenGL"/>
					<Add directory="/usr/include/qt4/QtGui"/>
					<Add directory="/usr/include/qt4/QtXml"/>
					<Add directory="/usr/include/qt4/QtCore"/>
				</Compiler>
				<MakeCommands>
					<Build command="/usr/bin/make -f &quot;/home/robolab/robocomp/components/robocomp-araceli/components/humanAgent/src/Makefile&quot;  VERBOSE=1 humanAgent/fast"/>
					<CompileFile command="/usr/bin/make -f &quot;/home/robolab/robocomp/components/robocomp-araceli/components/humanAgent/src/Makefile&quot;  VERBOSE=1 &quot;$file&quot;"/>
					<Clean command="/usr/bin/make -f &quot;/home/robolab/robocomp/components/robocomp-araceli/components/humanAgent/src/Makefile&quot;  VERBOSE=1 clean"/>
					<DistClean command="/usr/bin/make -f &quot;/home/robolab/robocomp/components/robocomp-araceli/components/humanAgent/src/Makefile&quot;  VERBOSE=1 clean"/>
				</MakeCommands>
			</Target>
			<Target title="humanAgent_autogen">
				<Option working_dir="/home/robolab/robocomp/components/robocomp-araceli/components/humanAgent/src"/>
				<Option type="4"/>
				<MakeCommands>
					<Build command="/usr/bin/make -f &quot;/home/robolab/robocomp/components/robocomp-araceli/components/humanAgent/src/Makefile&quot;  VERBOSE=1 humanAgent_autogen"/>
					<CompileFile command="/usr/bin/make -f &quot;/home/robolab/robocomp/components/robocomp-araceli/components/humanAgent/src/Makefile&quot;  VERBOSE=1 &quot;$file&quot;"/>
					<Clean command="/usr/bin/make -f &quot;/home/robolab/robocomp/components/robocomp-araceli/components/humanAgent/src/Makefile&quot;  VERBOSE=1 clean"/>
					<DistClean command="/usr/bin/make -f &quot;/home/robolab/robocomp/components/robocomp-araceli/components/humanAgent/src/Makefile&quot;  VERBOSE=1 clean"/>
				</MakeCommands>
			</Target>
		</Build>
		<Unit filename="/home/robolab/robocomp/components/robocomp-araceli/components/humanAgent/src/AGMCommonBehavior.cpp">
			<Option target="humanAgent"/>
		</Unit>
		<Unit filename="/home/robolab/robocomp/components/robocomp-araceli/components/humanAgent/src/AGMCommonBehavior.cpp.rule">
			<Option target="humanAgent"/>
		</Unit>
		<Unit filename="/home/robolab/robocomp/components/robocomp-araceli/components/humanAgent/src/AGMCommonBehavior.h">
			<Option target="humanAgent"/>
		</Unit>
		<Unit filename="/home/robolab/robocomp/components/robocomp-araceli/components/humanAgent/src/AGMExecutive.cpp">
			<Option target="humanAgent"/>
		</Unit>
		<Unit filename="/home/robolab/robocomp/components/robocomp-araceli/components/humanAgent/src/AGMExecutive.cpp.rule">
			<Option target="humanAgent"/>
		</Unit>
		<Unit filename="/home/robolab/robocomp/components/robocomp-araceli/components/humanAgent/src/AGMExecutive.h">
			<Option target="humanAgent"/>
		</Unit>
		<Unit filename="/home/robolab/robocomp/components/robocomp-araceli/components/humanAgent/src/AGMWorldModel.cpp">
			<Option target="humanAgent"/>
		</Unit>
		<Unit filename="/home/robolab/robocomp/components/robocomp-araceli/components/humanAgent/src/AGMWorldModel.cpp.rule">
			<Option target="humanAgent"/>
		</Unit>
		<Unit filename="/home/robolab/robocomp/components/robocomp-araceli/components/humanAgent/src/AGMWorldModel.h">
			<Option target="humanAgent"/>
		</Unit>
		<Unit filename="/home/robolab/robocomp/components/robocomp-araceli/components/humanAgent/src/CommonBehavior.cpp">
			<Option target="humanAgent"/>
		</Unit>
		<Unit filename="/home/robolab/robocomp/components/robocomp-araceli/components/humanAgent/src/CommonBehavior.cpp.rule">
			<Option target="humanAgent"/>
		</Unit>
		<Unit filename="/home/robolab/robocomp/components/robocomp-araceli/components/humanAgent/src/CommonBehavior.h">
			<Option target="humanAgent"/>
		</Unit>
		<Unit filename="/home/robolab/robocomp/components/robocomp-araceli/components/humanAgent/src/HumanTracker.cpp">
			<Option target="humanAgent"/>
		</Unit>
		<Unit filename="/home/robolab/robocomp/components/robocomp-araceli/components/humanAgent/src/HumanTracker.cpp.rule">
			<Option target="humanAgent"/>
		</Unit>
		<Unit filename="/home/robolab/robocomp/components/robocomp-araceli/components/humanAgent/src/HumanTracker.h">
			<Option target="humanAgent"/>
		</Unit>
		<Unit filename="/home/robolab/robocomp/components/robocomp-araceli/components/humanAgent/src/Planning.cpp">
			<Option target="humanAgent"/>
		</Unit>
		<Unit filename="/home/robolab/robocomp/components/robocomp-araceli/components/humanAgent/src/Planning.cpp.rule">
			<Option target="humanAgent"/>
		</Unit>
		<Unit filename="/home/robolab/robocomp/components/robocomp-araceli/components/humanAgent/src/Planning.h">
			<Option target="humanAgent"/>
		</Unit>
		<Unit filename="/home/robolab/robocomp/components/robocomp-araceli/components/humanAgent/src/agmcommonbehaviorI.cpp">
			<Option target="humanAgent"/>
		</Unit>
		<Unit filename="/home/robolab/robocomp/components/robocomp-araceli/components/humanAgent/src/agmcommonbehaviorI.h">
			<Option target="humanAgent"/>
		</Unit>
		<Unit filename="/home/robolab/robocomp/components/robocomp-araceli/components/humanAgent/src/agmexecutivetopicI.cpp">
			<Option target="humanAgent"/>
		</Unit>
		<Unit filename="/home/robolab/robocomp/components/robocomp-araceli/components/humanAgent/src/agmexecutivetopicI.h">
			<Option target="humanAgent"/>
		</Unit>
		<Unit filename="/home/robolab/robocomp/components/robocomp-araceli/components/humanAgent/src/bodyVisualizer.cpp">
			<Option target="humanAgent"/>
		</Unit>
		<Unit filename="/home/robolab/robocomp/components/robocomp-araceli/components/humanAgent/src/bodyVisualizer.h">
			<Option target="humanAgent"/>
		</Unit>
		<Unit filename="/home/robolab/robocomp/components/robocomp-araceli/components/humanAgent/src/commonbehaviorI.cpp">
			<Option target="humanAgent"/>
		</Unit>
		<Unit filename="/home/robolab/robocomp/components/robocomp-araceli/components/humanAgent/src/commonbehaviorI.h">
			<Option target="humanAgent"/>
		</Unit>
		<Unit filename="/home/robolab/robocomp/components/robocomp-araceli/components/humanAgent/src/genericmonitor.cpp">
			<Option target="humanAgent"/>
		</Unit>
		<Unit filename="/home/robolab/robocomp/components/robocomp-araceli/components/humanAgent/src/genericmonitor.h">
			<Option target="humanAgent"/>
		</Unit>
		<Unit filename="/home/robolab/robocomp/components/robocomp-araceli/components/humanAgent/src/genericworker.cpp">
			<Option target="humanAgent"/>
		</Unit>
		<Unit filename="/home/robolab/robocomp/components/robocomp-araceli/components/humanAgent/src/genericworker.h">
			<Option target="humanAgent"/>
		</Unit>
		<Unit filename="/home/robolab/robocomp/components/robocomp-araceli/components/humanAgent/src/humanAgent_autogen/mocs_compilation.cpp">
			<Option target="humanAgent"/>
		</Unit>
		<Unit filename="/home/robolab/robocomp/components/robocomp-araceli/components/humanAgent/src/main.cpp">
			<Option target="humanAgent"/>
		</Unit>
		<Unit filename="/home/robolab/robocomp/components/robocomp-araceli/components/humanAgent/src/mainUI.ui">
			<Option target="humanAgent"/>
		</Unit>
		<Unit filename="/home/robolab/robocomp/components/robocomp-araceli/components/humanAgent/src/specificmonitor.cpp">
			<Option target="humanAgent"/>
		</Unit>
		<Unit filename="/home/robolab/robocomp/components/robocomp-araceli/components/humanAgent/src/specificmonitor.h">
			<Option target="humanAgent"/>
		</Unit>
		<Unit filename="/home/robolab/robocomp/components/robocomp-araceli/components/humanAgent/src/specificworker.cpp">
			<Option target="humanAgent"/>
		</Unit>
		<Unit filename="/home/robolab/robocomp/components/robocomp-araceli/components/humanAgent/src/specificworker.h">
			<Option target="humanAgent"/>
		</Unit>
		<Unit filename="/home/robolab/robocomp/components/robocomp-araceli/components/humanAgent/src/ui_mainUI.h">
			<Option target="humanAgent"/>
		</Unit>
		<Unit filename="/opt/robocomp/classes/qlog/qlog.cpp">
			<Option target="humanAgent"/>
		</Unit>
		<Unit filename="/opt/robocomp/classes/qlog/qlog.h">
			<Option target="humanAgent"/>
		</Unit>
		<Unit filename="/opt/robocomp/classes/rapplication/rapplication.cpp">
			<Option target="humanAgent"/>
		</Unit>
		<Unit filename="/opt/robocomp/classes/rapplication/rapplication.h">
			<Option target="humanAgent"/>
		</Unit>
		<Unit filename="/opt/robocomp/classes/sigwatch/sigwatch.cpp">
			<Option target="humanAgent"/>
		</Unit>
		<Unit filename="/opt/robocomp/classes/sigwatch/sigwatch.h">
			<Option target="humanAgent"/>
		</Unit>
		<Unit filename="/home/robolab/robocomp/components/robocomp-araceli/components/humanAgent/CMakeLists.txt">
			<Option virtualFolder="CMake Files\"/>
		</Unit>
		<Unit filename="/home/robolab/robocomp/components/robocomp-araceli/components/humanAgent/src/CMakeLists.txt">
			<Option virtualFolder="CMake Files\src\"/>
		</Unit>
		<Unit filename="/home/robolab/robocomp/components/robocomp-araceli/components/humanAgent/src/CMakeListsSpecific.txt">
			<Option virtualFolder="CMake Files\src\"/>
		</Unit>
		<Unit filename="/home/robolab/robocomp/components/robocomp-araceli/components/humanAgent/../../../../../../../opt/robocomp/cmake/robocomp.cmake">
			<Option virtualFolder="CMake Files\..\..\..\..\..\..\..\opt\robocomp\cmake\"/>
		</Unit>
		<Unit filename="/home/robolab/robocomp/components/robocomp-araceli/components/humanAgent/../../../../../../../opt/robocomp/cmake/modules/FindSFML.cmake">
			<Option virtualFolder="CMake Files\..\..\..\..\..\..\..\opt\robocomp\cmake\modules\"/>
		</Unit>
		<Unit filename="/home/robolab/robocomp/components/robocomp-araceli/components/humanAgent/../../../../../../../opt/robocomp/cmake/modules/astra.cmake">
			<Option virtualFolder="CMake Files\..\..\..\..\..\..\..\opt\robocomp\cmake\modules\"/>
		</Unit>
	</Project>
</CodeBlocks_project_file>
