<?xml version="1.0" encoding="UTF-8"?>
<CodeBlocks_project_file>
	<FileVersion major="1" minor="6"/>
	<Project>
		<Option title="Project"/>
		<Option makefile_is_custom="1"/>
		<Option compiler="gcc"/>
		<Option virtualFolders="CMake Files\;CMake Files\src\;CMake Files\..\;CMake Files\..\..\;CMake Files\..\..\..\;CMake Files\..\..\..\..\;CMake Files\..\..\..\..\..\;CMake Files\..\..\..\..\..\..\;CMake Files\..\..\..\..\..\..\..\;CMake Files\..\..\..\..\..\..\..\opt\;CMake Files\..\..\..\..\..\..\..\opt\robocomp\;CMake Files\..\..\..\..\..\..\..\opt\robocomp\cmake\;CMake Files\..\..\..\..\..\..\..\opt\robocomp\cmake\modules\;"/>
		<Build>
			<Target title="all">
				<Option working_dir="/home/robolab/robocomp/components/robocomp-araceli/components/humanBodyViewer"/>
				<Option type="4"/>
				<MakeCommands>
					<Build command="/usr/bin/make -f &quot;/home/robolab/robocomp/components/robocomp-araceli/components/humanBodyViewer/Makefile&quot;  VERBOSE=1 all"/>
					<CompileFile command="/usr/bin/make -f &quot;/home/robolab/robocomp/components/robocomp-araceli/components/humanBodyViewer/Makefile&quot;  VERBOSE=1 &quot;$file&quot;"/>
					<Clean command="/usr/bin/make -f &quot;/home/robolab/robocomp/components/robocomp-araceli/components/humanBodyViewer/Makefile&quot;  VERBOSE=1 clean"/>
					<DistClean command="/usr/bin/make -f &quot;/home/robolab/robocomp/components/robocomp-araceli/components/humanBodyViewer/Makefile&quot;  VERBOSE=1 clean"/>
				</MakeCommands>
			</Target>
			<Target title="install/strip">
				<Option working_dir="/home/robolab/robocomp/components/robocomp-araceli/components/humanBodyViewer"/>
				<Option type="4"/>
				<MakeCommands>
					<Build command="/usr/bin/make -f &quot;/home/robolab/robocomp/components/robocomp-araceli/components/humanBodyViewer/Makefile&quot;  VERBOSE=1 install/strip"/>
					<CompileFile command="/usr/bin/make -f &quot;/home/robolab/robocomp/components/robocomp-araceli/components/humanBodyViewer/Makefile&quot;  VERBOSE=1 &quot;$file&quot;"/>
					<Clean command="/usr/bin/make -f &quot;/home/robolab/robocomp/components/robocomp-araceli/components/humanBodyViewer/Makefile&quot;  VERBOSE=1 clean"/>
					<DistClean command="/usr/bin/make -f &quot;/home/robolab/robocomp/components/robocomp-araceli/components/humanBodyViewer/Makefile&quot;  VERBOSE=1 clean"/>
				</MakeCommands>
			</Target>
			<Target title="install/local">
				<Option working_dir="/home/robolab/robocomp/components/robocomp-araceli/components/humanBodyViewer"/>
				<Option type="4"/>
				<MakeCommands>
					<Build command="/usr/bin/make -f &quot;/home/robolab/robocomp/components/robocomp-araceli/components/humanBodyViewer/Makefile&quot;  VERBOSE=1 install/local"/>
					<CompileFile command="/usr/bin/make -f &quot;/home/robolab/robocomp/components/robocomp-araceli/components/humanBodyViewer/Makefile&quot;  VERBOSE=1 &quot;$file&quot;"/>
					<Clean command="/usr/bin/make -f &quot;/home/robolab/robocomp/components/robocomp-araceli/components/humanBodyViewer/Makefile&quot;  VERBOSE=1 clean"/>
					<DistClean command="/usr/bin/make -f &quot;/home/robolab/robocomp/components/robocomp-araceli/components/humanBodyViewer/Makefile&quot;  VERBOSE=1 clean"/>
				</MakeCommands>
			</Target>
			<Target title="edit_cache">
				<Option working_dir="/home/robolab/robocomp/components/robocomp-araceli/components/humanBodyViewer"/>
				<Option type="4"/>
				<MakeCommands>
					<Build command="/usr/bin/make -f &quot;/home/robolab/robocomp/components/robocomp-araceli/components/humanBodyViewer/Makefile&quot;  VERBOSE=1 edit_cache"/>
					<CompileFile command="/usr/bin/make -f &quot;/home/robolab/robocomp/components/robocomp-araceli/components/humanBodyViewer/Makefile&quot;  VERBOSE=1 &quot;$file&quot;"/>
					<Clean command="/usr/bin/make -f &quot;/home/robolab/robocomp/components/robocomp-araceli/components/humanBodyViewer/Makefile&quot;  VERBOSE=1 clean"/>
					<DistClean command="/usr/bin/make -f &quot;/home/robolab/robocomp/components/robocomp-araceli/components/humanBodyViewer/Makefile&quot;  VERBOSE=1 clean"/>
				</MakeCommands>
			</Target>
			<Target title="rebuild_cache">
				<Option working_dir="/home/robolab/robocomp/components/robocomp-araceli/components/humanBodyViewer"/>
				<Option type="4"/>
				<MakeCommands>
					<Build command="/usr/bin/make -f &quot;/home/robolab/robocomp/components/robocomp-araceli/components/humanBodyViewer/Makefile&quot;  VERBOSE=1 rebuild_cache"/>
					<CompileFile command="/usr/bin/make -f &quot;/home/robolab/robocomp/components/robocomp-araceli/components/humanBodyViewer/Makefile&quot;  VERBOSE=1 &quot;$file&quot;"/>
					<Clean command="/usr/bin/make -f &quot;/home/robolab/robocomp/components/robocomp-araceli/components/humanBodyViewer/Makefile&quot;  VERBOSE=1 clean"/>
					<DistClean command="/usr/bin/make -f &quot;/home/robolab/robocomp/components/robocomp-araceli/components/humanBodyViewer/Makefile&quot;  VERBOSE=1 clean"/>
				</MakeCommands>
			</Target>
			<Target title="list_install_components">
				<Option working_dir="/home/robolab/robocomp/components/robocomp-araceli/components/humanBodyViewer"/>
				<Option type="4"/>
				<MakeCommands>
					<Build command="/usr/bin/make -f &quot;/home/robolab/robocomp/components/robocomp-araceli/components/humanBodyViewer/Makefile&quot;  VERBOSE=1 list_install_components"/>
					<CompileFile command="/usr/bin/make -f &quot;/home/robolab/robocomp/components/robocomp-araceli/components/humanBodyViewer/Makefile&quot;  VERBOSE=1 &quot;$file&quot;"/>
					<Clean command="/usr/bin/make -f &quot;/home/robolab/robocomp/components/robocomp-araceli/components/humanBodyViewer/Makefile&quot;  VERBOSE=1 clean"/>
					<DistClean command="/usr/bin/make -f &quot;/home/robolab/robocomp/components/robocomp-araceli/components/humanBodyViewer/Makefile&quot;  VERBOSE=1 clean"/>
				</MakeCommands>
			</Target>
			<Target title="install">
				<Option working_dir="/home/robolab/robocomp/components/robocomp-araceli/components/humanBodyViewer"/>
				<Option type="4"/>
				<MakeCommands>
					<Build command="/usr/bin/make -f &quot;/home/robolab/robocomp/components/robocomp-araceli/components/humanBodyViewer/Makefile&quot;  VERBOSE=1 install"/>
					<CompileFile command="/usr/bin/make -f &quot;/home/robolab/robocomp/components/robocomp-araceli/components/humanBodyViewer/Makefile&quot;  VERBOSE=1 &quot;$file&quot;"/>
					<Clean command="/usr/bin/make -f &quot;/home/robolab/robocomp/components/robocomp-araceli/components/humanBodyViewer/Makefile&quot;  VERBOSE=1 clean"/>
					<DistClean command="/usr/bin/make -f &quot;/home/robolab/robocomp/components/robocomp-araceli/components/humanBodyViewer/Makefile&quot;  VERBOSE=1 clean"/>
				</MakeCommands>
			</Target>
			<Target title="humanBodyViewer">
				<Option output="/home/robolab/robocomp/components/robocomp-araceli/components/humanBodyViewer/bin/humanBodyViewer" prefix_auto="0" extension_auto="0"/>
				<Option working_dir="/home/robolab/robocomp/components/robocomp-araceli/components/humanBodyViewer/bin"/>
				<Option object_output="./"/>
				<Option type="1"/>
				<Option compiler="gcc"/>
				<Compiler>
					<Add option="-DQT_XML_LIB"/>
					<Add option="-DQT_DLL"/>
					<Add option="-DQT_GUI_LIB"/>
					<Add option="-DQT_CORE_LIB"/>
					<Add option="-DQT_OPENGL_LIB"/>
					<Add directory="/home/robolab/robocomp/components/robocomp-araceli/components/humanBodyViewer/src/humanBodyViewer_autogen/include"/>
					<Add directory="/home/robolab/robocomp/components/robocomp-araceli/components/humanBodyViewer/src"/>
					<Add directory="/home/robolab/robocomp/components/robocomp-araceli/components/humanBodyViewer/src/."/>
					<Add directory="/opt/robocomp/include"/>
					<Add directory="/classes"/>
					<Add directory="/home/robolab/robocomp/components/robocomp-araceli/components/humanBodyViewer"/>
					<Add directory="/opt/robocomp/classes"/>
					<Add directory="/opt/robocomp/libs"/>
					<Add directory="/opt/robocomp/interfaces"/>
					<Add directory="/include"/>
					<Add directory="/usr/include/qt4"/>
					<Add directory="/usr/include/qt4/QtOpenGL"/>
					<Add directory="/usr/include/qt4/QtGui"/>
					<Add directory="/usr/include/qt4/QtXml"/>
					<Add directory="/usr/include/qt4/QtCore"/>
				</Compiler>
				<MakeCommands>
					<Build command="/usr/bin/make -f &quot;/home/robolab/robocomp/components/robocomp-araceli/components/humanBodyViewer/src/Makefile&quot;  VERBOSE=1 humanBodyViewer"/>
					<CompileFile command="/usr/bin/make -f &quot;/home/robolab/robocomp/components/robocomp-araceli/components/humanBodyViewer/src/Makefile&quot;  VERBOSE=1 &quot;$file&quot;"/>
					<Clean command="/usr/bin/make -f &quot;/home/robolab/robocomp/components/robocomp-araceli/components/humanBodyViewer/src/Makefile&quot;  VERBOSE=1 clean"/>
					<DistClean command="/usr/bin/make -f &quot;/home/robolab/robocomp/components/robocomp-araceli/components/humanBodyViewer/src/Makefile&quot;  VERBOSE=1 clean"/>
				</MakeCommands>
			</Target>
			<Target title="humanBodyViewer/fast">
				<Option output="/home/robolab/robocomp/components/robocomp-araceli/components/humanBodyViewer/bin/humanBodyViewer" prefix_auto="0" extension_auto="0"/>
				<Option working_dir="/home/robolab/robocomp/components/robocomp-araceli/components/humanBodyViewer/bin"/>
				<Option object_output="./"/>
				<Option type="1"/>
				<Option compiler="gcc"/>
				<Compiler>
					<Add option="-DQT_XML_LIB"/>
					<Add option="-DQT_DLL"/>
					<Add option="-DQT_GUI_LIB"/>
					<Add option="-DQT_CORE_LIB"/>
					<Add option="-DQT_OPENGL_LIB"/>
					<Add directory="/home/robolab/robocomp/components/robocomp-araceli/components/humanBodyViewer/src/humanBodyViewer_autogen/include"/>
					<Add directory="/home/robolab/robocomp/components/robocomp-araceli/components/humanBodyViewer/src"/>
					<Add directory="/home/robolab/robocomp/components/robocomp-araceli/components/humanBodyViewer/src/."/>
					<Add directory="/opt/robocomp/include"/>
					<Add directory="/classes"/>
					<Add directory="/home/robolab/robocomp/components/robocomp-araceli/components/humanBodyViewer"/>
					<Add directory="/opt/robocomp/classes"/>
					<Add directory="/opt/robocomp/libs"/>
					<Add directory="/opt/robocomp/interfaces"/>
					<Add directory="/include"/>
					<Add directory="/usr/include/qt4"/>
					<Add directory="/usr/include/qt4/QtOpenGL"/>
					<Add directory="/usr/include/qt4/QtGui"/>
					<Add directory="/usr/include/qt4/QtXml"/>
					<Add directory="/usr/include/qt4/QtCore"/>
				</Compiler>
				<MakeCommands>
					<Build command="/usr/bin/make -f &quot;/home/robolab/robocomp/components/robocomp-araceli/components/humanBodyViewer/src/Makefile&quot;  VERBOSE=1 humanBodyViewer/fast"/>
					<CompileFile command="/usr/bin/make -f &quot;/home/robolab/robocomp/components/robocomp-araceli/components/humanBodyViewer/src/Makefile&quot;  VERBOSE=1 &quot;$file&quot;"/>
					<Clean command="/usr/bin/make -f &quot;/home/robolab/robocomp/components/robocomp-araceli/components/humanBodyViewer/src/Makefile&quot;  VERBOSE=1 clean"/>
					<DistClean command="/usr/bin/make -f &quot;/home/robolab/robocomp/components/robocomp-araceli/components/humanBodyViewer/src/Makefile&quot;  VERBOSE=1 clean"/>
				</MakeCommands>
			</Target>
			<Target title="humanBodyViewer_autogen">
				<Option working_dir="/home/robolab/robocomp/components/robocomp-araceli/components/humanBodyViewer/src"/>
				<Option type="4"/>
				<MakeCommands>
					<Build command="/usr/bin/make -f &quot;/home/robolab/robocomp/components/robocomp-araceli/components/humanBodyViewer/src/Makefile&quot;  VERBOSE=1 humanBodyViewer_autogen"/>
					<CompileFile command="/usr/bin/make -f &quot;/home/robolab/robocomp/components/robocomp-araceli/components/humanBodyViewer/src/Makefile&quot;  VERBOSE=1 &quot;$file&quot;"/>
					<Clean command="/usr/bin/make -f &quot;/home/robolab/robocomp/components/robocomp-araceli/components/humanBodyViewer/src/Makefile&quot;  VERBOSE=1 clean"/>
					<DistClean command="/usr/bin/make -f &quot;/home/robolab/robocomp/components/robocomp-araceli/components/humanBodyViewer/src/Makefile&quot;  VERBOSE=1 clean"/>
				</MakeCommands>
			</Target>
		</Build>
		<Unit filename="/home/robolab/robocomp/components/robocomp-araceli/components/humanBodyViewer/src/CommonBehavior.cpp">
			<Option target="humanBodyViewer"/>
		</Unit>
		<Unit filename="/home/robolab/robocomp/components/robocomp-araceli/components/humanBodyViewer/src/CommonBehavior.cpp.rule">
			<Option target="humanBodyViewer"/>
		</Unit>
		<Unit filename="/home/robolab/robocomp/components/robocomp-araceli/components/humanBodyViewer/src/CommonBehavior.h">
			<Option target="humanBodyViewer"/>
		</Unit>
		<Unit filename="/home/robolab/robocomp/components/robocomp-araceli/components/humanBodyViewer/src/commonbehaviorI.cpp">
			<Option target="humanBodyViewer"/>
		</Unit>
		<Unit filename="/home/robolab/robocomp/components/robocomp-araceli/components/humanBodyViewer/src/commonbehaviorI.h">
			<Option target="humanBodyViewer"/>
		</Unit>
		<Unit filename="/home/robolab/robocomp/components/robocomp-araceli/components/humanBodyViewer/src/genericmonitor.cpp">
			<Option target="humanBodyViewer"/>
		</Unit>
		<Unit filename="/home/robolab/robocomp/components/robocomp-araceli/components/humanBodyViewer/src/genericmonitor.h">
			<Option target="humanBodyViewer"/>
		</Unit>
		<Unit filename="/home/robolab/robocomp/components/robocomp-araceli/components/humanBodyViewer/src/genericworker.cpp">
			<Option target="humanBodyViewer"/>
		</Unit>
		<Unit filename="/home/robolab/robocomp/components/robocomp-araceli/components/humanBodyViewer/src/genericworker.h">
			<Option target="humanBodyViewer"/>
		</Unit>
		<Unit filename="/home/robolab/robocomp/components/robocomp-araceli/components/humanBodyViewer/src/humanBodyViewer_autogen/mocs_compilation.cpp">
			<Option target="humanBodyViewer"/>
		</Unit>
		<Unit filename="/home/robolab/robocomp/components/robocomp-araceli/components/humanBodyViewer/src/main.cpp">
			<Option target="humanBodyViewer"/>
		</Unit>
		<Unit filename="/home/robolab/robocomp/components/robocomp-araceli/components/humanBodyViewer/src/specificmonitor.cpp">
			<Option target="humanBodyViewer"/>
		</Unit>
		<Unit filename="/home/robolab/robocomp/components/robocomp-araceli/components/humanBodyViewer/src/specificmonitor.h">
			<Option target="humanBodyViewer"/>
		</Unit>
		<Unit filename="/home/robolab/robocomp/components/robocomp-araceli/components/humanBodyViewer/src/specificworker.cpp">
			<Option target="humanBodyViewer"/>
		</Unit>
		<Unit filename="/home/robolab/robocomp/components/robocomp-araceli/components/humanBodyViewer/src/specificworker.h">
			<Option target="humanBodyViewer"/>
		</Unit>
		<Unit filename="/opt/robocomp/classes/qlog/qlog.cpp">
			<Option target="humanBodyViewer"/>
		</Unit>
		<Unit filename="/opt/robocomp/classes/qlog/qlog.h">
			<Option target="humanBodyViewer"/>
		</Unit>
		<Unit filename="/opt/robocomp/classes/rapplication/rapplication.cpp">
			<Option target="humanBodyViewer"/>
		</Unit>
		<Unit filename="/opt/robocomp/classes/rapplication/rapplication.h">
			<Option target="humanBodyViewer"/>
		</Unit>
		<Unit filename="/opt/robocomp/classes/sigwatch/sigwatch.cpp">
			<Option target="humanBodyViewer"/>
		</Unit>
		<Unit filename="/opt/robocomp/classes/sigwatch/sigwatch.h">
			<Option target="humanBodyViewer"/>
		</Unit>
		<Unit filename="/home/robolab/robocomp/components/robocomp-araceli/components/humanBodyViewer/CMakeLists.txt">
			<Option virtualFolder="CMake Files\"/>
		</Unit>
		<Unit filename="/home/robolab/robocomp/components/robocomp-araceli/components/humanBodyViewer/src/CMakeLists.txt">
			<Option virtualFolder="CMake Files\src\"/>
		</Unit>
		<Unit filename="/home/robolab/robocomp/components/robocomp-araceli/components/humanBodyViewer/src/CMakeListsSpecific.txt">
			<Option virtualFolder="CMake Files\src\"/>
		</Unit>
		<Unit filename="/home/robolab/robocomp/components/robocomp-araceli/components/humanBodyViewer/../../../../../../../opt/robocomp/cmake/robocomp.cmake">
			<Option virtualFolder="CMake Files\..\..\..\..\..\..\..\opt\robocomp\cmake\"/>
		</Unit>
		<Unit filename="/home/robolab/robocomp/components/robocomp-araceli/components/humanBodyViewer/../../../../../../../opt/robocomp/cmake/modules/FindSFML.cmake">
			<Option virtualFolder="CMake Files\..\..\..\..\..\..\..\opt\robocomp\cmake\modules\"/>
		</Unit>
		<Unit filename="/home/robolab/robocomp/components/robocomp-araceli/components/humanBodyViewer/../../../../../../../opt/robocomp/cmake/modules/astra.cmake">
			<Option virtualFolder="CMake Files\..\..\..\..\..\..\..\opt\robocomp\cmake\modules\"/>
		</Unit>
	</Project>
</CodeBlocks_project_file>
